// !$*UTF8*$!
{
	archiveVersion = 1;
	classes = {
	};
	objectVersion = 55;
	objects = {

/* Begin PBXBuildFile section */
		641C198529C553F00018EE3D /* Playground.swift in Sources */ = {isa = PBXBuildFile; fileRef = 641C198429C553F00018EE3D /* Playground.swift */; };
		641C198729C613160018EE3D /* View+Extension.swift in Sources */ = {isa = PBXBuildFile; fileRef = 641C198629C613160018EE3D /* View+Extension.swift */; };
		642205DA29CD2FD900BD663D /* HTMLView.swift in Sources */ = {isa = PBXBuildFile; fileRef = 642205D929CD2FD900BD663D /* HTMLView.swift */; };
		6455B0D929BA7841008B6F39 /* AutoInflection.swift in Sources */ = {isa = PBXBuildFile; fileRef = 6455B0D829BA7841008B6F39 /* AutoInflection.swift */; };
		6455B0DB29BA7F32008B6F39 /* QuestionPageViewScrollView.swift in Sources */ = {isa = PBXBuildFile; fileRef = 6455B0DA29BA7F32008B6F39 /* QuestionPageViewScrollView.swift */; };
		6455B0DD29BBABCB008B6F39 /* QuestionView.swift in Sources */ = {isa = PBXBuildFile; fileRef = 6455B0DC29BBABCB008B6F39 /* QuestionView.swift */; };
		6455B0DF29BD0074008B6F39 /* Animation.swift in Sources */ = {isa = PBXBuildFile; fileRef = 6455B0DE29BD0074008B6F39 /* Animation.swift */; };
		6455B0E229BD00B2008B6F39 /* AnswerRow.swift in Sources */ = {isa = PBXBuildFile; fileRef = 6455B0E129BD00B2008B6F39 /* AnswerRow.swift */; };
		6455B0E429BDFB93008B6F39 /* ExamViewModel.swift in Sources */ = {isa = PBXBuildFile; fileRef = 6455B0E329BDFB93008B6F39 /* ExamViewModel.swift */; };
		6455B0E729BDFBAA008B6F39 /* Exam.swift in Sources */ = {isa = PBXBuildFile; fileRef = 6455B0E629BDFBAA008B6F39 /* Exam.swift */; };
		6455B0E929BDFBBF008B6F39 /* Question.swift in Sources */ = {isa = PBXBuildFile; fileRef = 6455B0E829BDFBBF008B6F39 /* Question.swift */; };
		6455B0EB29BE7C00008B6F39 /* ExamView.swift in Sources */ = {isa = PBXBuildFile; fileRef = 6455B0EA29BE7C00008B6F39 /* ExamView.swift */; };
		6455B0EE29BF25CD008B6F39 /* explanation.json in Resources */ = {isa = PBXBuildFile; fileRef = 6455B0EC29BF25CD008B6F39 /* explanation.json */; };
		6455B0EF29BF25CD008B6F39 /* questions.json in Resources */ = {isa = PBXBuildFile; fileRef = 6455B0ED29BF25CD008B6F39 /* questions.json */; };
		6455B0F229BF25FA008B6F39 /* QuestionDTO.swift in Sources */ = {isa = PBXBuildFile; fileRef = 6455B0F129BF25FA008B6F39 /* QuestionDTO.swift */; };
		6455B0F429BF3EB8008B6F39 /* ResultsView.swift in Sources */ = {isa = PBXBuildFile; fileRef = 6455B0F329BF3EB8008B6F39 /* ResultsView.swift */; };
		6455B0F729C13559008B6F39 /* CircularProgressView.swift in Sources */ = {isa = PBXBuildFile; fileRef = 6455B0F629C13559008B6F39 /* CircularProgressView.swift */; };
		6455B0F929C1401D008B6F39 /* Confetti.swift in Sources */ = {isa = PBXBuildFile; fileRef = 6455B0F829C1401D008B6F39 /* Confetti.swift */; };
		6455B0FE29C241AE008B6F39 /* MainMenu.swift in Sources */ = {isa = PBXBuildFile; fileRef = 6455B0FD29C241AE008B6F39 /* MainMenu.swift */; };
		6455B10129C38A84008B6F39 /* RoundedCornerShape.swift in Sources */ = {isa = PBXBuildFile; fileRef = 6455B10029C38A84008B6F39 /* RoundedCornerShape.swift */; };
		64AB585629CF7DEA000B8ECC /* summary.html in Resources */ = {isa = PBXBuildFile; fileRef = 64AB585029CF7DE9000B8ECC /* summary.html */; };
		64AB585729CF7DEA000B8ECC /* chapter_5.html in Resources */ = {isa = PBXBuildFile; fileRef = 64AB585129CF7DEA000B8ECC /* chapter_5.html */; };
		64AB585829CF7DEA000B8ECC /* chapter_2.html in Resources */ = {isa = PBXBuildFile; fileRef = 64AB585229CF7DEA000B8ECC /* chapter_2.html */; };
		64AB585929CF7DEA000B8ECC /* chapter_1.html in Resources */ = {isa = PBXBuildFile; fileRef = 64AB585329CF7DEA000B8ECC /* chapter_1.html */; };
		64AB585A29CF7DEA000B8ECC /* chapter_4.html in Resources */ = {isa = PBXBuildFile; fileRef = 64AB585429CF7DEA000B8ECC /* chapter_4.html */; };
		64AB585B29CF7DEA000B8ECC /* chapter_3.html in Resources */ = {isa = PBXBuildFile; fileRef = 64AB585529CF7DEA000B8ECC /* chapter_3.html */; };
		64AB585E29CF8624000B8ECC /* book.css in Resources */ = {isa = PBXBuildFile; fileRef = 64AB585D29CF8624000B8ECC /* book.css */; };
		64AB586029CF9290000B8ECC /* HintView.swift in Sources */ = {isa = PBXBuildFile; fileRef = 64AB585F29CF9290000B8ECC /* HintView.swift */; };
		64ADD357272CA9E9003F043D /* QuizUp_MockApp.swift in Sources */ = {isa = PBXBuildFile; fileRef = 64ADD356272CA9E9003F043D /* QuizUp_MockApp.swift */; };
		64ADD359272CA9E9003F043D /* ContentView.swift in Sources */ = {isa = PBXBuildFile; fileRef = 64ADD358272CA9E9003F043D /* ContentView.swift */; };
		64ADD35B272CA9EF003F043D /* Assets.xcassets in Resources */ = {isa = PBXBuildFile; fileRef = 64ADD35A272CA9EF003F043D /* Assets.xcassets */; };
		64ADD35E272CA9EF003F043D /* Preview Assets.xcassets in Resources */ = {isa = PBXBuildFile; fileRef = 64ADD35D272CA9EF003F043D /* Preview Assets.xcassets */; };
		64ADD365272DFA81003F043D /* Color.swift in Sources */ = {isa = PBXBuildFile; fileRef = 64ADD364272DFA81003F043D /* Color.swift */; };
		64B5BA4129F7A9A600875667 /* HandbookReader.swift in Sources */ = {isa = PBXBuildFile; fileRef = 64B5BA4029F7A9A600875667 /* HandbookReader.swift */; };
		64B5BA4329F9C1E200875667 /* ResultsViewModel.swift in Sources */ = {isa = PBXBuildFile; fileRef = 64B5BA4229F9C1E200875667 /* ResultsViewModel.swift */; };
		64B5BA4529F9C58100875667 /* PreviewModel.swift in Sources */ = {isa = PBXBuildFile; fileRef = 64B5BA4429F9C58100875667 /* PreviewModel.swift */; };
		64B5BA4729F9D2DB00875667 /* ViewModelFactory.swift in Sources */ = {isa = PBXBuildFile; fileRef = 64B5BA4629F9D2DB00875667 /* ViewModelFactory.swift */; };
		64B5BA4B29FD58DE00875667 /* handbook.json in Resources */ = {isa = PBXBuildFile; fileRef = 64B5BA4A29FD58DE00875667 /* handbook.json */; };
		64B5BA4D29FD669000875667 /* Handbook.swift in Sources */ = {isa = PBXBuildFile; fileRef = 64B5BA4C29FD669000875667 /* Handbook.swift */; };
		64B5BA4F29FD681800875667 /* HandbookRepository.swift in Sources */ = {isa = PBXBuildFile; fileRef = 64B5BA4E29FD681800875667 /* HandbookRepository.swift */; };
		64B5BA512A0191CF00875667 /* FeatureFlags.swift in Sources */ = {isa = PBXBuildFile; fileRef = 64B5BA502A0191CF00875667 /* FeatureFlags.swift */; };
		64B5FF8E29CB9652001F22E8 /* ExamRepository.swift in Sources */ = {isa = PBXBuildFile; fileRef = 64B5FF8D29CB9652001F22E8 /* ExamRepository.swift */; };
		64B5FF9029CD0CCB001F22E8 /* MainMenuViewModel.swift in Sources */ = {isa = PBXBuildFile; fileRef = 64B5FF8F29CD0CCB001F22E8 /* MainMenuViewModel.swift */; };
		64B7EDE029C6A083001F6717 /* HanbookMainMenu.swift in Sources */ = {isa = PBXBuildFile; fileRef = 64B7EDDF29C6A083001F6717 /* HanbookMainMenu.swift */; };
		64B7EDE329C6A114001F6717 /* QuestionBankView.swift in Sources */ = {isa = PBXBuildFile; fileRef = 64B7EDE229C6A114001F6717 /* QuestionBankView.swift */; };
		64B7EDE629C6A186001F6717 /* ProgressReport.swift in Sources */ = {isa = PBXBuildFile; fileRef = 64B7EDE529C6A186001F6717 /* ProgressReport.swift */; };
		64B7EDE929C6AD01001F6717 /* SettingsView.swift in Sources */ = {isa = PBXBuildFile; fileRef = 64B7EDE829C6AD01001F6717 /* SettingsView.swift */; };
		64B7EDEB29C6B5A8001F6717 /* MonitizationView.swift in Sources */ = {isa = PBXBuildFile; fileRef = 64B7EDEA29C6B5A8001F6717 /* MonitizationView.swift */; };
		64B7EDEF29C6C4B3001F6717 /* SearchBar.swift in Sources */ = {isa = PBXBuildFile; fileRef = 64B7EDEE29C6C4B3001F6717 /* SearchBar.swift */; };
		64C5047F29EA1F0D00DCEDA3 /* SummaryView.swift in Sources */ = {isa = PBXBuildFile; fileRef = 64C5047E29EA1F0D00DCEDA3 /* SummaryView.swift */; };
		64C5048129EA1FF500DCEDA3 /* HandbookView.swift in Sources */ = {isa = PBXBuildFile; fileRef = 64C5048029EA1FF500DCEDA3 /* HandbookView.swift */; };
		64FD1A3429EA0F8900E86BE7 /* PracticeExamList.swift in Sources */ = {isa = PBXBuildFile; fileRef = 64FD1A3329EA0F8900E86BE7 /* PracticeExamList.swift */; };
		64FD1A3629EA105A00E86BE7 /* WelcomeBackHeaderView.swift in Sources */ = {isa = PBXBuildFile; fileRef = 64FD1A3529EA105A00E86BE7 /* WelcomeBackHeaderView.swift */; };
/* End PBXBuildFile section */

/* Begin PBXFileReference section */
		641C198429C553F00018EE3D /* Playground.swift */ = {isa = PBXFileReference; lastKnownFileType = sourcecode.swift; path = Playground.swift; sourceTree = "<group>"; };
		641C198629C613160018EE3D /* View+Extension.swift */ = {isa = PBXFileReference; lastKnownFileType = sourcecode.swift; path = "View+Extension.swift"; sourceTree = "<group>"; };
		642205D929CD2FD900BD663D /* HTMLView.swift */ = {isa = PBXFileReference; lastKnownFileType = sourcecode.swift; path = HTMLView.swift; sourceTree = "<group>"; };
		6455B0D829BA7841008B6F39 /* AutoInflection.swift */ = {isa = PBXFileReference; lastKnownFileType = sourcecode.swift; path = AutoInflection.swift; sourceTree = "<group>"; };
		6455B0DA29BA7F32008B6F39 /* QuestionPageViewScrollView.swift */ = {isa = PBXFileReference; lastKnownFileType = sourcecode.swift; path = QuestionPageViewScrollView.swift; sourceTree = "<group>"; };
		6455B0DC29BBABCB008B6F39 /* QuestionView.swift */ = {isa = PBXFileReference; lastKnownFileType = sourcecode.swift; path = QuestionView.swift; sourceTree = "<group>"; };
		6455B0DE29BD0074008B6F39 /* Animation.swift */ = {isa = PBXFileReference; lastKnownFileType = sourcecode.swift; path = Animation.swift; sourceTree = "<group>"; };
		6455B0E129BD00B2008B6F39 /* AnswerRow.swift */ = {isa = PBXFileReference; lastKnownFileType = sourcecode.swift; path = AnswerRow.swift; sourceTree = "<group>"; };
		6455B0E329BDFB93008B6F39 /* ExamViewModel.swift */ = {isa = PBXFileReference; lastKnownFileType = sourcecode.swift; path = ExamViewModel.swift; sourceTree = "<group>"; };
		6455B0E629BDFBAA008B6F39 /* Exam.swift */ = {isa = PBXFileReference; lastKnownFileType = sourcecode.swift; path = Exam.swift; sourceTree = "<group>"; };
		6455B0E829BDFBBF008B6F39 /* Question.swift */ = {isa = PBXFileReference; lastKnownFileType = sourcecode.swift; path = Question.swift; sourceTree = "<group>"; };
		6455B0EA29BE7C00008B6F39 /* ExamView.swift */ = {isa = PBXFileReference; lastKnownFileType = sourcecode.swift; path = ExamView.swift; sourceTree = "<group>"; };
		6455B0EC29BF25CD008B6F39 /* explanation.json */ = {isa = PBXFileReference; fileEncoding = 4; lastKnownFileType = text.json; path = explanation.json; sourceTree = "<group>"; };
		6455B0ED29BF25CD008B6F39 /* questions.json */ = {isa = PBXFileReference; fileEncoding = 4; lastKnownFileType = text.json; path = questions.json; sourceTree = "<group>"; };
		6455B0F129BF25FA008B6F39 /* QuestionDTO.swift */ = {isa = PBXFileReference; lastKnownFileType = sourcecode.swift; path = QuestionDTO.swift; sourceTree = "<group>"; };
		6455B0F329BF3EB8008B6F39 /* ResultsView.swift */ = {isa = PBXFileReference; lastKnownFileType = sourcecode.swift; path = ResultsView.swift; sourceTree = "<group>"; };
		6455B0F629C13559008B6F39 /* CircularProgressView.swift */ = {isa = PBXFileReference; lastKnownFileType = sourcecode.swift; path = CircularProgressView.swift; sourceTree = "<group>"; };
		6455B0F829C1401D008B6F39 /* Confetti.swift */ = {isa = PBXFileReference; lastKnownFileType = sourcecode.swift; path = Confetti.swift; sourceTree = "<group>"; };
		6455B0FD29C241AE008B6F39 /* MainMenu.swift */ = {isa = PBXFileReference; lastKnownFileType = sourcecode.swift; path = MainMenu.swift; sourceTree = "<group>"; };
		6455B10029C38A84008B6F39 /* RoundedCornerShape.swift */ = {isa = PBXFileReference; lastKnownFileType = sourcecode.swift; path = RoundedCornerShape.swift; sourceTree = "<group>"; };
		64AB585029CF7DE9000B8ECC /* summary.html */ = {isa = PBXFileReference; fileEncoding = 4; lastKnownFileType = text.html; path = summary.html; sourceTree = "<group>"; };
		64AB585129CF7DEA000B8ECC /* chapter_5.html */ = {isa = PBXFileReference; fileEncoding = 4; lastKnownFileType = text.html; path = chapter_5.html; sourceTree = "<group>"; };
		64AB585229CF7DEA000B8ECC /* chapter_2.html */ = {isa = PBXFileReference; fileEncoding = 4; lastKnownFileType = text.html; path = chapter_2.html; sourceTree = "<group>"; };
		64AB585329CF7DEA000B8ECC /* chapter_1.html */ = {isa = PBXFileReference; fileEncoding = 4; lastKnownFileType = text.html; path = chapter_1.html; sourceTree = "<group>"; };
		64AB585429CF7DEA000B8ECC /* chapter_4.html */ = {isa = PBXFileReference; fileEncoding = 4; lastKnownFileType = text.html; path = chapter_4.html; sourceTree = "<group>"; };
		64AB585529CF7DEA000B8ECC /* chapter_3.html */ = {isa = PBXFileReference; fileEncoding = 4; lastKnownFileType = text.html; path = chapter_3.html; sourceTree = "<group>"; };
		64AB585C29CF861A000B8ECC /* debug.css */ = {isa = PBXFileReference; lastKnownFileType = text.css; path = debug.css; sourceTree = "<group>"; };
		64AB585D29CF8624000B8ECC /* book.css */ = {isa = PBXFileReference; fileEncoding = 4; lastKnownFileType = text.css; path = book.css; sourceTree = "<group>"; };
		64AB585F29CF9290000B8ECC /* HintView.swift */ = {isa = PBXFileReference; lastKnownFileType = sourcecode.swift; path = HintView.swift; sourceTree = "<group>"; };
		64ADD353272CA9E9003F043D /* Life In The UK Prep.app */ = {isa = PBXFileReference; explicitFileType = wrapper.application; includeInIndex = 0; path = "Life In The UK Prep.app"; sourceTree = BUILT_PRODUCTS_DIR; };
		64ADD356272CA9E9003F043D /* QuizUp_MockApp.swift */ = {isa = PBXFileReference; lastKnownFileType = sourcecode.swift; path = QuizUp_MockApp.swift; sourceTree = "<group>"; };
		64ADD358272CA9E9003F043D /* ContentView.swift */ = {isa = PBXFileReference; lastKnownFileType = sourcecode.swift; path = ContentView.swift; sourceTree = "<group>"; };
		64ADD35A272CA9EF003F043D /* Assets.xcassets */ = {isa = PBXFileReference; lastKnownFileType = folder.assetcatalog; path = Assets.xcassets; sourceTree = "<group>"; };
		64ADD35D272CA9EF003F043D /* Preview Assets.xcassets */ = {isa = PBXFileReference; lastKnownFileType = folder.assetcatalog; path = "Preview Assets.xcassets"; sourceTree = "<group>"; };
		64ADD364272DFA81003F043D /* Color.swift */ = {isa = PBXFileReference; lastKnownFileType = sourcecode.swift; path = Color.swift; sourceTree = "<group>"; };
		64B5BA4029F7A9A600875667 /* HandbookReader.swift */ = {isa = PBXFileReference; lastKnownFileType = sourcecode.swift; path = HandbookReader.swift; sourceTree = "<group>"; };
		64B5BA4229F9C1E200875667 /* ResultsViewModel.swift */ = {isa = PBXFileReference; lastKnownFileType = sourcecode.swift; path = ResultsViewModel.swift; sourceTree = "<group>"; };
		64B5BA4429F9C58100875667 /* PreviewModel.swift */ = {isa = PBXFileReference; lastKnownFileType = sourcecode.swift; path = PreviewModel.swift; sourceTree = "<group>"; };
		64B5BA4629F9D2DB00875667 /* ViewModelFactory.swift */ = {isa = PBXFileReference; lastKnownFileType = sourcecode.swift; path = ViewModelFactory.swift; sourceTree = "<group>"; };
		64B5BA4A29FD58DE00875667 /* handbook.json */ = {isa = PBXFileReference; fileEncoding = 4; lastKnownFileType = text.json; path = handbook.json; sourceTree = "<group>"; };
		64B5BA4C29FD669000875667 /* Handbook.swift */ = {isa = PBXFileReference; lastKnownFileType = sourcecode.swift; path = Handbook.swift; sourceTree = "<group>"; };
		64B5BA4E29FD681800875667 /* HandbookRepository.swift */ = {isa = PBXFileReference; lastKnownFileType = sourcecode.swift; path = HandbookRepository.swift; sourceTree = "<group>"; };
		64B5BA502A0191CF00875667 /* FeatureFlags.swift */ = {isa = PBXFileReference; lastKnownFileType = sourcecode.swift; path = FeatureFlags.swift; sourceTree = "<group>"; };
		64B5FF8D29CB9652001F22E8 /* ExamRepository.swift */ = {isa = PBXFileReference; lastKnownFileType = sourcecode.swift; path = ExamRepository.swift; sourceTree = "<group>"; };
		64B5FF8F29CD0CCB001F22E8 /* MainMenuViewModel.swift */ = {isa = PBXFileReference; lastKnownFileType = sourcecode.swift; path = MainMenuViewModel.swift; sourceTree = "<group>"; };
		64B7EDDF29C6A083001F6717 /* HanbookMainMenu.swift */ = {isa = PBXFileReference; lastKnownFileType = sourcecode.swift; path = HanbookMainMenu.swift; sourceTree = "<group>"; };
		64B7EDE229C6A114001F6717 /* QuestionBankView.swift */ = {isa = PBXFileReference; lastKnownFileType = sourcecode.swift; path = QuestionBankView.swift; sourceTree = "<group>"; };
		64B7EDE529C6A186001F6717 /* ProgressReport.swift */ = {isa = PBXFileReference; lastKnownFileType = sourcecode.swift; path = ProgressReport.swift; sourceTree = "<group>"; };
		64B7EDE829C6AD01001F6717 /* SettingsView.swift */ = {isa = PBXFileReference; lastKnownFileType = sourcecode.swift; path = SettingsView.swift; sourceTree = "<group>"; };
		64B7EDEA29C6B5A8001F6717 /* MonitizationView.swift */ = {isa = PBXFileReference; lastKnownFileType = sourcecode.swift; path = MonitizationView.swift; sourceTree = "<group>"; };
		64B7EDEE29C6C4B3001F6717 /* SearchBar.swift */ = {isa = PBXFileReference; lastKnownFileType = sourcecode.swift; path = SearchBar.swift; sourceTree = "<group>"; };
		64C5047E29EA1F0D00DCEDA3 /* SummaryView.swift */ = {isa = PBXFileReference; lastKnownFileType = sourcecode.swift; path = SummaryView.swift; sourceTree = "<group>"; };
		64C5048029EA1FF500DCEDA3 /* HandbookView.swift */ = {isa = PBXFileReference; lastKnownFileType = sourcecode.swift; path = HandbookView.swift; sourceTree = "<group>"; };
		64DE9A7229CF99CB009AC656 /* Life-In-The-UK-Prep-Info.plist */ = {isa = PBXFileReference; lastKnownFileType = text.plist; path = "Life-In-The-UK-Prep-Info.plist"; sourceTree = "<group>"; };
		64FD1A3329EA0F8900E86BE7 /* PracticeExamList.swift */ = {isa = PBXFileReference; lastKnownFileType = sourcecode.swift; path = PracticeExamList.swift; sourceTree = "<group>"; };
		64FD1A3529EA105A00E86BE7 /* WelcomeBackHeaderView.swift */ = {isa = PBXFileReference; lastKnownFileType = sourcecode.swift; path = WelcomeBackHeaderView.swift; sourceTree = "<group>"; };
/* End PBXFileReference section */

/* Begin PBXFrameworksBuildPhase section */
		64ADD350272CA9E9003F043D /* Frameworks */ = {
			isa = PBXFrameworksBuildPhase;
			buildActionMask = 2147483647;
			files = (
			);
			runOnlyForDeploymentPostprocessing = 0;
		};
/* End PBXFrameworksBuildPhase section */

/* Begin PBXGroup section */
		6455B0E029BD0091008B6F39 /* Question */ = {
			isa = PBXGroup;
			children = (
				6455B0DC29BBABCB008B6F39 /* QuestionView.swift */,
				6455B0E129BD00B2008B6F39 /* AnswerRow.swift */,
				64AB585F29CF9290000B8ECC /* HintView.swift */,
				6455B0E529BDFB97008B6F39 /* Models */,
			);
			path = Question;
			sourceTree = "<group>";
		};
		6455B0E529BDFB97008B6F39 /* Models */ = {
			isa = PBXGroup;
			children = (
				6455B0E329BDFB93008B6F39 /* ExamViewModel.swift */,
				6455B0E629BDFBAA008B6F39 /* Exam.swift */,
				6455B0E829BDFBBF008B6F39 /* Question.swift */,
			);
			path = Models;
			sourceTree = "<group>";
		};
		6455B0F029BF25D2008B6F39 /* Repository */ = {
			isa = PBXGroup;
			children = (
				64AB584F29CF7DDA000B8ECC /* Book */,
				6455B0EC29BF25CD008B6F39 /* explanation.json */,
				6455B0ED29BF25CD008B6F39 /* questions.json */,
				6455B0F129BF25FA008B6F39 /* QuestionDTO.swift */,
				64B5FF8D29CB9652001F22E8 /* ExamRepository.swift */,
				64B5BA4429F9C58100875667 /* PreviewModel.swift */,
				64B5BA502A0191CF00875667 /* FeatureFlags.swift */,
			);
			path = Repository;
			sourceTree = "<group>";
		};
		6455B0F529C13548008B6F39 /* Result */ = {
			isa = PBXGroup;
			children = (
				6455B0F329BF3EB8008B6F39 /* ResultsView.swift */,
				6455B0F629C13559008B6F39 /* CircularProgressView.swift */,
				6455B0F829C1401D008B6F39 /* Confetti.swift */,
				64B5BA4229F9C1E200875667 /* ResultsViewModel.swift */,
			);
			path = Result;
			sourceTree = "<group>";
		};
		6455B0FA29C24169008B6F39 /* Extensions */ = {
			isa = PBXGroup;
			children = (
				6455B0DE29BD0074008B6F39 /* Animation.swift */,
				64ADD364272DFA81003F043D /* Color.swift */,
				6455B10029C38A84008B6F39 /* RoundedCornerShape.swift */,
				641C198629C613160018EE3D /* View+Extension.swift */,
			);
			path = Extensions;
			sourceTree = "<group>";
		};
		6455B0FB29C24176008B6F39 /* Playground */ = {
			isa = PBXGroup;
			children = (
				64ADD358272CA9E9003F043D /* ContentView.swift */,
				641C198429C553F00018EE3D /* Playground.swift */,
				6455B0DA29BA7F32008B6F39 /* QuestionPageViewScrollView.swift */,
				6455B0D829BA7841008B6F39 /* AutoInflection.swift */,
			);
			path = Playground;
			sourceTree = "<group>";
		};
		6455B0FC29C24198008B6F39 /* Exam */ = {
			isa = PBXGroup;
			children = (
				6455B0EA29BE7C00008B6F39 /* ExamView.swift */,
				6455B0E029BD0091008B6F39 /* Question */,
				6455B0F529C13548008B6F39 /* Result */,
			);
			path = Exam;
			sourceTree = "<group>";
		};
		6455B0FF29C241B5008B6F39 /* Menu */ = {
			isa = PBXGroup;
			children = (
				6455B0FD29C241AE008B6F39 /* MainMenu.swift */,
				64C5048329EA29DC00DCEDA3 /* Components */,
				64C5048229EA29CC00DCEDA3 /* ViewModel */,
			);
			path = Menu;
			sourceTree = "<group>";
		};
		64AB584F29CF7DDA000B8ECC /* Book */ = {
			isa = PBXGroup;
			children = (
				64B5BA4A29FD58DE00875667 /* handbook.json */,
				64B5BA4C29FD669000875667 /* Handbook.swift */,
				64B5BA4E29FD681800875667 /* HandbookRepository.swift */,
				64AB585329CF7DEA000B8ECC /* chapter_1.html */,
				64AB585229CF7DEA000B8ECC /* chapter_2.html */,
				64AB585529CF7DEA000B8ECC /* chapter_3.html */,
				64AB585429CF7DEA000B8ECC /* chapter_4.html */,
				64AB585129CF7DEA000B8ECC /* chapter_5.html */,
				64AB585029CF7DE9000B8ECC /* summary.html */,
				64AB585C29CF861A000B8ECC /* debug.css */,
				64AB585D29CF8624000B8ECC /* book.css */,
			);
			path = Book;
			sourceTree = "<group>";
		};
		64ADD34A272CA9E9003F043D = {
			isa = PBXGroup;
			children = (
				64DE9A7229CF99CB009AC656 /* Life-In-The-UK-Prep-Info.plist */,
				64ADD355272CA9E9003F043D /* QuizUp-Mock */,
				64ADD354272CA9E9003F043D /* Products */,
			);
			sourceTree = "<group>";
		};
		64ADD354272CA9E9003F043D /* Products */ = {
			isa = PBXGroup;
			children = (
				64ADD353272CA9E9003F043D /* Life In The UK Prep.app */,
			);
			name = Products;
			sourceTree = "<group>";
		};
		64ADD355272CA9E9003F043D /* QuizUp-Mock */ = {
			isa = PBXGroup;
			children = (
				64ADD356272CA9E9003F043D /* QuizUp_MockApp.swift */,
				6455B0FF29C241B5008B6F39 /* Menu */,
				6455B0FC29C24198008B6F39 /* Exam */,
				64B7EDEC29C6B6E5001F6717 /* Monitization */,
				64B7EDED29C6B6F5001F6717 /* SettingsView */,
				64B7EDE129C6A0BF001F6717 /* Handbook */,
				64B7EDE429C6A138001F6717 /* QuestionBank */,
				64B7EDE729C6A1BC001F6717 /* ProgressReport */,
				6455B0FA29C24169008B6F39 /* Extensions */,
				6455B0FB29C24176008B6F39 /* Playground */,
				6455B0F029BF25D2008B6F39 /* Repository */,
				64ADD35A272CA9EF003F043D /* Assets.xcassets */,
				64ADD35C272CA9EF003F043D /* Preview Content */,
			);
			path = "QuizUp-Mock";
			sourceTree = "<group>";
		};
		64ADD35C272CA9EF003F043D /* Preview Content */ = {
			isa = PBXGroup;
			children = (
				64ADD35D272CA9EF003F043D /* Preview Assets.xcassets */,
			);
			path = "Preview Content";
			sourceTree = "<group>";
		};
		64B7EDE129C6A0BF001F6717 /* Handbook */ = {
			isa = PBXGroup;
			children = (
				64B7EDDF29C6A083001F6717 /* HanbookMainMenu.swift */,
				64B5BA4029F7A9A600875667 /* HandbookReader.swift */,
				642205D929CD2FD900BD663D /* HTMLView.swift */,
			);
			path = Handbook;
			sourceTree = "<group>";
		};
		64B7EDE429C6A138001F6717 /* QuestionBank */ = {
			isa = PBXGroup;
			children = (
				64B7EDE229C6A114001F6717 /* QuestionBankView.swift */,
			);
			path = QuestionBank;
			sourceTree = "<group>";
		};
		64B7EDE729C6A1BC001F6717 /* ProgressReport */ = {
			isa = PBXGroup;
			children = (
				64B7EDE529C6A186001F6717 /* ProgressReport.swift */,
			);
			path = ProgressReport;
			sourceTree = "<group>";
		};
		64B7EDEC29C6B6E5001F6717 /* Monitization */ = {
			isa = PBXGroup;
			children = (
				64B7EDEA29C6B5A8001F6717 /* MonitizationView.swift */,
			);
			path = Monitization;
			sourceTree = "<group>";
		};
		64B7EDED29C6B6F5001F6717 /* SettingsView */ = {
			isa = PBXGroup;
			children = (
				64B7EDE829C6AD01001F6717 /* SettingsView.swift */,
			);
			path = SettingsView;
			sourceTree = "<group>";
		};
		64C5048229EA29CC00DCEDA3 /* ViewModel */ = {
			isa = PBXGroup;
			children = (
				64B5FF8F29CD0CCB001F22E8 /* MainMenuViewModel.swift */,
				64B5BA4629F9D2DB00875667 /* ViewModelFactory.swift */,
			);
			path = ViewModel;
			sourceTree = "<group>";
		};
		64C5048329EA29DC00DCEDA3 /* Components */ = {
			isa = PBXGroup;
			children = (
				64C5048029EA1FF500DCEDA3 /* HandbookView.swift */,
				64C5047E29EA1F0D00DCEDA3 /* SummaryView.swift */,
				64FD1A3529EA105A00E86BE7 /* WelcomeBackHeaderView.swift */,
				64FD1A3329EA0F8900E86BE7 /* PracticeExamList.swift */,
				64B7EDEE29C6C4B3001F6717 /* SearchBar.swift */,
			);
			path = Components;
			sourceTree = "<group>";
		};
/* End PBXGroup section */

/* Begin PBXNativeTarget section */
		64ADD352272CA9E9003F043D /* Life In The UK Prep */ = {
			isa = PBXNativeTarget;
			buildConfigurationList = 64ADD361272CA9EF003F043D /* Build configuration list for PBXNativeTarget "Life In The UK Prep" */;
			buildPhases = (
				64ADD34F272CA9E9003F043D /* Sources */,
				64ADD350272CA9E9003F043D /* Frameworks */,
				64ADD351272CA9E9003F043D /* Resources */,
			);
			buildRules = (
			);
			dependencies = (
			);
			name = "Life In The UK Prep";
			productName = "QuizUp-Mock";
			productReference = 64ADD353272CA9E9003F043D /* Life In The UK Prep.app */;
			productType = "com.apple.product-type.application";
		};
/* End PBXNativeTarget section */

/* Begin PBXProject section */
		64ADD34B272CA9E9003F043D /* Project object */ = {
			isa = PBXProject;
			attributes = {
				BuildIndependentTargetsInParallel = 1;
				LastSwiftUpdateCheck = 1310;
				LastUpgradeCheck = 1310;
				TargetAttributes = {
					64ADD352272CA9E9003F043D = {
						CreatedOnToolsVersion = 13.1;
					};
				};
			};
			buildConfigurationList = 64ADD34E272CA9E9003F043D /* Build configuration list for PBXProject "QuizUp-Mock" */;
			compatibilityVersion = "Xcode 13.0";
			developmentRegion = en;
			hasScannedForEncodings = 0;
			knownRegions = (
				en,
				Base,
			);
			mainGroup = 64ADD34A272CA9E9003F043D;
			productRefGroup = 64ADD354272CA9E9003F043D /* Products */;
			projectDirPath = "";
			projectRoot = "";
			targets = (
				64ADD352272CA9E9003F043D /* Life In The UK Prep */,
			);
		};
/* End PBXProject section */

/* Begin PBXResourcesBuildPhase section */
		64ADD351272CA9E9003F043D /* Resources */ = {
			isa = PBXResourcesBuildPhase;
			buildActionMask = 2147483647;
			files = (
				64AB585B29CF7DEA000B8ECC /* chapter_3.html in Resources */,
				64AB585929CF7DEA000B8ECC /* chapter_1.html in Resources */,
				64AB585A29CF7DEA000B8ECC /* chapter_4.html in Resources */,
				64ADD35E272CA9EF003F043D /* Preview Assets.xcassets in Resources */,
				64B5BA4B29FD58DE00875667 /* handbook.json in Resources */,
				64AB585829CF7DEA000B8ECC /* chapter_2.html in Resources */,
				6455B0EF29BF25CD008B6F39 /* questions.json in Resources */,
				64AB585729CF7DEA000B8ECC /* chapter_5.html in Resources */,
				64ADD35B272CA9EF003F043D /* Assets.xcassets in Resources */,
				64AB585E29CF8624000B8ECC /* book.css in Resources */,
				6455B0EE29BF25CD008B6F39 /* explanation.json in Resources */,
				64AB585629CF7DEA000B8ECC /* summary.html in Resources */,
			);
			runOnlyForDeploymentPostprocessing = 0;
		};
/* End PBXResourcesBuildPhase section */

/* Begin PBXSourcesBuildPhase section */
		64ADD34F272CA9E9003F043D /* Sources */ = {
			isa = PBXSourcesBuildPhase;
			buildActionMask = 2147483647;
			files = (
				64ADD359272CA9E9003F043D /* ContentView.swift in Sources */,
				64FD1A3429EA0F8900E86BE7 /* PracticeExamList.swift in Sources */,
				64AB586029CF9290000B8ECC /* HintView.swift in Sources */,
				64B5BA4329F9C1E200875667 /* ResultsViewModel.swift in Sources */,
				64B5BA4129F7A9A600875667 /* HandbookReader.swift in Sources */,
				64B5BA4529F9C58100875667 /* PreviewModel.swift in Sources */,
				64B5FF8E29CB9652001F22E8 /* ExamRepository.swift in Sources */,
				6455B0FE29C241AE008B6F39 /* MainMenu.swift in Sources */,
				6455B0E729BDFBAA008B6F39 /* Exam.swift in Sources */,
				64B5BA4F29FD681800875667 /* HandbookRepository.swift in Sources */,
				6455B0E429BDFB93008B6F39 /* ExamViewModel.swift in Sources */,
				64B7EDE329C6A114001F6717 /* QuestionBankView.swift in Sources */,
				6455B0E229BD00B2008B6F39 /* AnswerRow.swift in Sources */,
				64B7EDE029C6A083001F6717 /* HanbookMainMenu.swift in Sources */,
				6455B0DF29BD0074008B6F39 /* Animation.swift in Sources */,
				6455B0D929BA7841008B6F39 /* AutoInflection.swift in Sources */,
				64B7EDE929C6AD01001F6717 /* SettingsView.swift in Sources */,
				6455B0DD29BBABCB008B6F39 /* QuestionView.swift in Sources */,
				64B5FF9029CD0CCB001F22E8 /* MainMenuViewModel.swift in Sources */,
				64ADD357272CA9E9003F043D /* QuizUp_MockApp.swift in Sources */,
				6455B10129C38A84008B6F39 /* RoundedCornerShape.swift in Sources */,
				64B7EDEF29C6C4B3001F6717 /* SearchBar.swift in Sources */,
				64C5048129EA1FF500DCEDA3 /* HandbookView.swift in Sources */,
				6455B0E929BDFBBF008B6F39 /* Question.swift in Sources */,
				6455B0F729C13559008B6F39 /* CircularProgressView.swift in Sources */,
				642205DA29CD2FD900BD663D /* HTMLView.swift in Sources */,
				6455B0EB29BE7C00008B6F39 /* ExamView.swift in Sources */,
				64B7EDEB29C6B5A8001F6717 /* MonitizationView.swift in Sources */,
				64FD1A3629EA105A00E86BE7 /* WelcomeBackHeaderView.swift in Sources */,
				64B7EDE629C6A186001F6717 /* ProgressReport.swift in Sources */,
				6455B0DB29BA7F32008B6F39 /* QuestionPageViewScrollView.swift in Sources */,
				64ADD365272DFA81003F043D /* Color.swift in Sources */,
				641C198529C553F00018EE3D /* Playground.swift in Sources */,
				6455B0F429BF3EB8008B6F39 /* ResultsView.swift in Sources */,
				6455B0F229BF25FA008B6F39 /* QuestionDTO.swift in Sources */,
				641C198729C613160018EE3D /* View+Extension.swift in Sources */,
				64B5BA512A0191CF00875667 /* FeatureFlags.swift in Sources */,
				6455B0F929C1401D008B6F39 /* Confetti.swift in Sources */,
				64C5047F29EA1F0D00DCEDA3 /* SummaryView.swift in Sources */,
				64B5BA4729F9D2DB00875667 /* ViewModelFactory.swift in Sources */,
				64B5BA4D29FD669000875667 /* Handbook.swift in Sources */,
			);
			runOnlyForDeploymentPostprocessing = 0;
		};
/* End PBXSourcesBuildPhase section */

/* Begin XCBuildConfiguration section */
		64ADD35F272CA9EF003F043D /* Debug */ = {
			isa = XCBuildConfiguration;
			buildSettings = {
				ALWAYS_SEARCH_USER_PATHS = NO;
				CLANG_ANALYZER_NONNULL = YES;
				CLANG_ANALYZER_NUMBER_OBJECT_CONVERSION = YES_AGGRESSIVE;
				CLANG_CXX_LANGUAGE_STANDARD = "gnu++17";
				CLANG_CXX_LIBRARY = "libc++";
				CLANG_ENABLE_MODULES = YES;
				CLANG_ENABLE_OBJC_ARC = YES;
				CLANG_ENABLE_OBJC_WEAK = YES;
				CLANG_WARN_BLOCK_CAPTURE_AUTORELEASING = YES;
				CLANG_WARN_BOOL_CONVERSION = YES;
				CLANG_WARN_COMMA = YES;
				CLANG_WARN_CONSTANT_CONVERSION = YES;
				CLANG_WARN_DEPRECATED_OBJC_IMPLEMENTATIONS = YES;
				CLANG_WARN_DIRECT_OBJC_ISA_USAGE = YES_ERROR;
				CLANG_WARN_DOCUMENTATION_COMMENTS = YES;
				CLANG_WARN_EMPTY_BODY = YES;
				CLANG_WARN_ENUM_CONVERSION = YES;
				CLANG_WARN_INFINITE_RECURSION = YES;
				CLANG_WARN_INT_CONVERSION = YES;
				CLANG_WARN_NON_LITERAL_NULL_CONVERSION = YES;
				CLANG_WARN_OBJC_IMPLICIT_RETAIN_SELF = YES;
				CLANG_WARN_OBJC_LITERAL_CONVERSION = YES;
				CLANG_WARN_OBJC_ROOT_CLASS = YES_ERROR;
				CLANG_WARN_QUOTED_INCLUDE_IN_FRAMEWORK_HEADER = YES;
				CLANG_WARN_RANGE_LOOP_ANALYSIS = YES;
				CLANG_WARN_STRICT_PROTOTYPES = YES;
				CLANG_WARN_SUSPICIOUS_MOVE = YES;
				CLANG_WARN_UNGUARDED_AVAILABILITY = YES_AGGRESSIVE;
				CLANG_WARN_UNREACHABLE_CODE = YES;
				CLANG_WARN__DUPLICATE_METHOD_MATCH = YES;
				COPY_PHASE_STRIP = NO;
				DEBUG_INFORMATION_FORMAT = dwarf;
				ENABLE_STRICT_OBJC_MSGSEND = YES;
				ENABLE_TESTABILITY = YES;
				GCC_C_LANGUAGE_STANDARD = gnu11;
				GCC_DYNAMIC_NO_PIC = NO;
				GCC_NO_COMMON_BLOCKS = YES;
				GCC_OPTIMIZATION_LEVEL = 0;
				GCC_PREPROCESSOR_DEFINITIONS = (
					"DEBUG=1",
					"$(inherited)",
				);
				GCC_WARN_64_TO_32_BIT_CONVERSION = YES;
				GCC_WARN_ABOUT_RETURN_TYPE = YES_ERROR;
				GCC_WARN_UNDECLARED_SELECTOR = YES;
				GCC_WARN_UNINITIALIZED_AUTOS = YES_AGGRESSIVE;
				GCC_WARN_UNUSED_FUNCTION = YES;
				GCC_WARN_UNUSED_VARIABLE = YES;
				IPHONEOS_DEPLOYMENT_TARGET = 15.0;
				MTL_ENABLE_DEBUG_INFO = INCLUDE_SOURCE;
				MTL_FAST_MATH = YES;
				ONLY_ACTIVE_ARCH = YES;
				SDKROOT = iphoneos;
				SWIFT_ACTIVE_COMPILATION_CONDITIONS = DEBUG;
				SWIFT_OPTIMIZATION_LEVEL = "-Onone";
			};
			name = Debug;
		};
		64ADD360272CA9EF003F043D /* Release */ = {
			isa = XCBuildConfiguration;
			buildSettings = {
				ALWAYS_SEARCH_USER_PATHS = NO;
				CLANG_ANALYZER_NONNULL = YES;
				CLANG_ANALYZER_NUMBER_OBJECT_CONVERSION = YES_AGGRESSIVE;
				CLANG_CXX_LANGUAGE_STANDARD = "gnu++17";
				CLANG_CXX_LIBRARY = "libc++";
				CLANG_ENABLE_MODULES = YES;
				CLANG_ENABLE_OBJC_ARC = YES;
				CLANG_ENABLE_OBJC_WEAK = YES;
				CLANG_WARN_BLOCK_CAPTURE_AUTORELEASING = YES;
				CLANG_WARN_BOOL_CONVERSION = YES;
				CLANG_WARN_COMMA = YES;
				CLANG_WARN_CONSTANT_CONVERSION = YES;
				CLANG_WARN_DEPRECATED_OBJC_IMPLEMENTATIONS = YES;
				CLANG_WARN_DIRECT_OBJC_ISA_USAGE = YES_ERROR;
				CLANG_WARN_DOCUMENTATION_COMMENTS = YES;
				CLANG_WARN_EMPTY_BODY = YES;
				CLANG_WARN_ENUM_CONVERSION = YES;
				CLANG_WARN_INFINITE_RECURSION = YES;
				CLANG_WARN_INT_CONVERSION = YES;
				CLANG_WARN_NON_LITERAL_NULL_CONVERSION = YES;
				CLANG_WARN_OBJC_IMPLICIT_RETAIN_SELF = YES;
				CLANG_WARN_OBJC_LITERAL_CONVERSION = YES;
				CLANG_WARN_OBJC_ROOT_CLASS = YES_ERROR;
				CLANG_WARN_QUOTED_INCLUDE_IN_FRAMEWORK_HEADER = YES;
				CLANG_WARN_RANGE_LOOP_ANALYSIS = YES;
				CLANG_WARN_STRICT_PROTOTYPES = YES;
				CLANG_WARN_SUSPICIOUS_MOVE = YES;
				CLANG_WARN_UNGUARDED_AVAILABILITY = YES_AGGRESSIVE;
				CLANG_WARN_UNREACHABLE_CODE = YES;
				CLANG_WARN__DUPLICATE_METHOD_MATCH = YES;
				COPY_PHASE_STRIP = NO;
				DEBUG_INFORMATION_FORMAT = "dwarf-with-dsym";
				ENABLE_NS_ASSERTIONS = NO;
				ENABLE_STRICT_OBJC_MSGSEND = YES;
				GCC_C_LANGUAGE_STANDARD = gnu11;
				GCC_NO_COMMON_BLOCKS = YES;
				GCC_WARN_64_TO_32_BIT_CONVERSION = YES;
				GCC_WARN_ABOUT_RETURN_TYPE = YES_ERROR;
				GCC_WARN_UNDECLARED_SELECTOR = YES;
				GCC_WARN_UNINITIALIZED_AUTOS = YES_AGGRESSIVE;
				GCC_WARN_UNUSED_FUNCTION = YES;
				GCC_WARN_UNUSED_VARIABLE = YES;
				IPHONEOS_DEPLOYMENT_TARGET = 15.0;
				MTL_ENABLE_DEBUG_INFO = NO;
				MTL_FAST_MATH = YES;
				SDKROOT = iphoneos;
				SWIFT_COMPILATION_MODE = wholemodule;
				SWIFT_OPTIMIZATION_LEVEL = "-O";
				VALIDATE_PRODUCT = YES;
			};
			name = Release;
		};
		64ADD362272CA9EF003F043D /* Debug */ = {
			isa = XCBuildConfiguration;
			buildSettings = {
				ASSETCATALOG_COMPILER_APPICON_NAME = AppIcon;
				ASSETCATALOG_COMPILER_GLOBAL_ACCENT_COLOR_NAME = AccentColor;
				CODE_SIGN_IDENTITY = "Apple Development";
				CODE_SIGN_STYLE = Automatic;
				CURRENT_PROJECT_VERSION = 15;
				DEVELOPMENT_ASSET_PATHS = "\"QuizUp-Mock/Preview Content\"";
				DEVELOPMENT_TEAM = 33XQUS4CME;
				ENABLE_PREVIEWS = YES;
				GENERATE_INFOPLIST_FILE = YES;
				INFOPLIST_FILE = "Life-In-The-UK-Prep-Info.plist";
				INFOPLIST_KEY_CFBundleDisplayName = "UK Citizenship Test";
				INFOPLIST_KEY_LSApplicationCategoryType = "public.app-category.education";
				INFOPLIST_KEY_UIApplicationSceneManifest_Generation = YES;
				INFOPLIST_KEY_UIApplicationSupportsIndirectInputEvents = YES;
				INFOPLIST_KEY_UILaunchScreen_Generation = YES;
				INFOPLIST_KEY_UISupportedInterfaceOrientations = UIInterfaceOrientationPortrait;
				INFOPLIST_KEY_UISupportedInterfaceOrientations_iPad = "UIInterfaceOrientationLandscapeLeft UIInterfaceOrientationLandscapeRight UIInterfaceOrientationPortrait UIInterfaceOrientationPortraitUpsideDown";
				IPHONEOS_DEPLOYMENT_TARGET = 16.0;
				LD_RUNPATH_SEARCH_PATHS = (
					"$(inherited)",
					"@executable_path/Frameworks",
				);
				MARKETING_VERSION = 1.0.0;
				PRODUCT_BUNDLE_IDENTIFIER = "uk.co.edwinb.QuizUp-Mock";
				PRODUCT_NAME = "$(TARGET_NAME)";
				PROVISIONING_PROFILE_SPECIFIER = "";
				SWIFT_EMIT_LOC_STRINGS = YES;
				SWIFT_VERSION = 5.0;
				TARGETED_DEVICE_FAMILY = "1,2";
			};
			name = Debug;
		};
		64ADD363272CA9EF003F043D /* Release */ = {
			isa = XCBuildConfiguration;
			buildSettings = {
				ASSETCATALOG_COMPILER_APPICON_NAME = AppIcon;
				ASSETCATALOG_COMPILER_GLOBAL_ACCENT_COLOR_NAME = AccentColor;
				CODE_SIGN_IDENTITY = "Apple Development";
				CODE_SIGN_STYLE = Automatic;
				CURRENT_PROJECT_VERSION = 15;
				DEVELOPMENT_ASSET_PATHS = "\"QuizUp-Mock/Preview Content\"";
				DEVELOPMENT_TEAM = 33XQUS4CME;
				ENABLE_PREVIEWS = YES;
				GENERATE_INFOPLIST_FILE = YES;
				INFOPLIST_FILE = "Life-In-The-UK-Prep-Info.plist";
				INFOPLIST_KEY_CFBundleDisplayName = "UK Citizenship Test";
				INFOPLIST_KEY_LSApplicationCategoryType = "public.app-category.education";
				INFOPLIST_KEY_UIApplicationSceneManifest_Generation = YES;
				INFOPLIST_KEY_UIApplicationSupportsIndirectInputEvents = YES;
				INFOPLIST_KEY_UILaunchScreen_Generation = YES;
				INFOPLIST_KEY_UISupportedInterfaceOrientations = UIInterfaceOrientationPortrait;
				INFOPLIST_KEY_UISupportedInterfaceOrientations_iPad = "UIInterfaceOrientationLandscapeLeft UIInterfaceOrientationLandscapeRight UIInterfaceOrientationPortrait UIInterfaceOrientationPortraitUpsideDown";
				IPHONEOS_DEPLOYMENT_TARGET = 16.0;
				LD_RUNPATH_SEARCH_PATHS = (
					"$(inherited)",
					"@executable_path/Frameworks",
				);
				MARKETING_VERSION = 1.0.0;
				PRODUCT_BUNDLE_IDENTIFIER = "uk.co.edwinb.QuizUp-Mock";
				PRODUCT_NAME = "$(TARGET_NAME)";
				PROVISIONING_PROFILE_SPECIFIER = "";
				SWIFT_EMIT_LOC_STRINGS = YES;
				SWIFT_VERSION = 5.0;
				TARGETED_DEVICE_FAMILY = "1,2";
			};
			name = Release;
		};
/* End XCBuildConfiguration section */

/* Begin XCConfigurationList section */
		64ADD34E272CA9E9003F043D /* Build configuration list for PBXProject "QuizUp-Mock" */ = {
			isa = XCConfigurationList;
			buildConfigurations = (
				64ADD35F272CA9EF003F043D /* Debug */,
				64ADD360272CA9EF003F043D /* Release */,
			);
			defaultConfigurationIsVisible = 0;
			defaultConfigurationName = Release;
		};
		64ADD361272CA9EF003F043D /* Build configuration list for PBXNativeTarget "Life In The UK Prep" */ = {
			isa = XCConfigurationList;
			buildConfigurations = (
				64ADD362272CA9EF003F043D /* Debug */,
				64ADD363272CA9EF003F043D /* Release */,
			);
			defaultConfigurationIsVisible = 0;
			defaultConfigurationName = Release;
		};
/* End XCConfigurationList section */
	};
	rootObject = 64ADD34B272CA9E9003F043D /* Project object */;
}
